// !$*UTF8*$!
{
	archiveVersion = 1;
	classes = {
	};
	objectVersion = 70;
	objects = {

/* Begin PBXBuildFile section */
		890CE0752CD97B03009FE9B5 /* OrderViewModel.swift in Sources */ = {isa = PBXBuildFile; fileRef = 890CE0742CD97AFB009FE9B5 /* OrderViewModel.swift */; };
		890CE0772CD97B0F009FE9B5 /* OrderModel.swift in Sources */ = {isa = PBXBuildFile; fileRef = 890CE0762CD97B08009FE9B5 /* OrderModel.swift */; };
		890CE0792CD97B23009FE9B5 /* OrderListView.swift in Sources */ = {isa = PBXBuildFile; fileRef = 890CE0782CD97B18009FE9B5 /* OrderListView.swift */; };
		890CE07B2CD97B2F009FE9B5 /* OrderDAO.swift in Sources */ = {isa = PBXBuildFile; fileRef = 890CE07A2CD97B2A009FE9B5 /* OrderDAO.swift */; };
		890CE07D2CD97B3E009FE9B5 /* OrderCardView.swift in Sources */ = {isa = PBXBuildFile; fileRef = 890CE07C2CD97B38009FE9B5 /* OrderCardView.swift */; };
		890CE07F2CD97B53009FE9B5 /* CreateOrderView.swift in Sources */ = {isa = PBXBuildFile; fileRef = 890CE07E2CD97B49009FE9B5 /* CreateOrderView.swift */; };
		890CE0812CD97B5E009FE9B5 /* TimeManager.swift in Sources */ = {isa = PBXBuildFile; fileRef = 890CE0802CD97B5A009FE9B5 /* TimeManager.swift */; };
		896D78E82CF3FA8B0000B8BB /* ChatMessage.swift in Sources */ = {isa = PBXBuildFile; fileRef = 896D78E72CF3FA830000B8BB /* ChatMessage.swift */; };
		896D78EA2CF3FBDC0000B8BB /* UserMessageBubble.swift in Sources */ = {isa = PBXBuildFile; fileRef = 896D78E92CF3FBD20000B8BB /* UserMessageBubble.swift */; };
		896D78EC2CF3FC0A0000B8BB /* GeminiMessageBubble.swift in Sources */ = {isa = PBXBuildFile; fileRef = 896D78EB2CF3FC050000B8BB /* GeminiMessageBubble.swift */; };
		896D78EE2CF3FC2D0000B8BB /* GeminiChatView.swift in Sources */ = {isa = PBXBuildFile; fileRef = 896D78ED2CF3FC1F0000B8BB /* GeminiChatView.swift */; };
		896D78F12CF410440000B8BB /* Nutrition.swift in Sources */ = {isa = PBXBuildFile; fileRef = 896D78F02CF4103F0000B8BB /* Nutrition.swift */; };
		896D78F32CF410CB0000B8BB /* NutritionAPImanager.swift in Sources */ = {isa = PBXBuildFile; fileRef = 896D78F22CF410C00000B8BB /* NutritionAPImanager.swift */; };
		896D78F62CF411020000B8BB /* NutritionView.swift in Sources */ = {isa = PBXBuildFile; fileRef = 896D78F52CF410FD0000B8BB /* NutritionView.swift */; };
		9D01778A2CD99DFA0072EB70 /* FirebaseStorage in Frameworks */ = {isa = PBXBuildFile; productRef = 9D0177892CD99DFA0072EB70 /* FirebaseStorage */; };
		9D0177C22CD9B5210072EB70 /* SearchBar.swift in Sources */ = {isa = PBXBuildFile; fileRef = 9D0177C12CD9B5210072EB70 /* SearchBar.swift */; };
		9D0177C42CD9C3550072EB70 /* OfflineModeView.swift in Sources */ = {isa = PBXBuildFile; fileRef = 9D0177C32CD9C3500072EB70 /* OfflineModeView.swift */; };
		9D0E61EB2CF422C30093D1A2 /* BasedOnYou.swift in Sources */ = {isa = PBXBuildFile; fileRef = 9D0E61EA2CF422C30093D1A2 /* BasedOnYou.swift */; };
		9D4702722CAB0D39003FDB87 /* LogoView.swift in Sources */ = {isa = PBXBuildFile; fileRef = 9D4702712CAB0D39003FDB87 /* LogoView.swift */; };
		9D51D2EA2CBC64FA005B7827 /* AppDelegate.swift in Sources */ = {isa = PBXBuildFile; fileRef = 9D51D2E92CBC64FA005B7827 /* AppDelegate.swift */; };
		9D51D2EE2CBC6615005B7827 /* FirebaseCore in Frameworks */ = {isa = PBXBuildFile; productRef = 9D51D2ED2CBC6615005B7827 /* FirebaseCore */; };
		9D51D2F02CBC6615005B7827 /* FirebaseFirestore in Frameworks */ = {isa = PBXBuildFile; productRef = 9D51D2EF2CBC6615005B7827 /* FirebaseFirestore */; };
		9D51D2F22CBC6750005B7827 /* FirestoreManager.swift in Sources */ = {isa = PBXBuildFile; fileRef = 9D51D2F12CBC6750005B7827 /* FirestoreManager.swift */; };
		9D51D2F42CBC6A38005B7827 /* RestaurantSA.swift in Sources */ = {isa = PBXBuildFile; fileRef = 9D51D2F32CBC6A38005B7827 /* RestaurantSA.swift */; };
		9D673DF62CC95F76007A6E30 /* SearchView.swift in Sources */ = {isa = PBXBuildFile; fileRef = 9D673DF52CC95F76007A6E30 /* SearchView.swift */; };
		9D7173DE2CBB654900E4B524 /* TabBarButton.swift in Sources */ = {isa = PBXBuildFile; fileRef = 9D7173DD2CBB654900E4B524 /* TabBarButton.swift */; };
		9D7173E22CBB7E7F00E4B524 /* RestaurantDetailView.swift in Sources */ = {isa = PBXBuildFile; fileRef = 9D7173E12CBB7E7F00E4B524 /* RestaurantDetailView.swift */; };
		9DA4D00F2CAB5CAD00107CD2 /* LocationManager.swift in Sources */ = {isa = PBXBuildFile; fileRef = 9DA4D00D2CAB5CAD00107CD2 /* LocationManager.swift */; };
		9DA4D0102CAB5CAD00107CD2 /* MapView.swift in Sources */ = {isa = PBXBuildFile; fileRef = 9DA4D00E2CAB5CAD00107CD2 /* MapView.swift */; };
		9DA4D0142CABA0B600107CD2 /* RestaurantModel.swift in Sources */ = {isa = PBXBuildFile; fileRef = 9DA4D0132CABA0B600107CD2 /* RestaurantModel.swift */; };
		9DA4D0182CABA5DC00107CD2 /* RestaurantViewModel.swift in Sources */ = {isa = PBXBuildFile; fileRef = 9DA4D0172CABA5DC00107CD2 /* RestaurantViewModel.swift */; };
		9DB47C382CD72C670036B770 /* NetworkMonitor.swift in Sources */ = {isa = PBXBuildFile; fileRef = 9DB47C372CD72C670036B770 /* NetworkMonitor.swift */; };
		9DE63B902CD95B0400797C82 /* (null) in Sources */ = {isa = PBXBuildFile; };
		9DE937122CAE35160061CD33 /* RestaurantCardView.swift in Sources */ = {isa = PBXBuildFile; fileRef = 9DE937102CAE35160061CD33 /* RestaurantCardView.swift */; };
		9DE937132CAE35160061CD33 /* RestaurantsListView.swift in Sources */ = {isa = PBXBuildFile; fileRef = 9DE937112CAE35160061CD33 /* RestaurantsListView.swift */; };
		9DFED6C22CC558A5004348A2 /* ProductModel.swift in Sources */ = {isa = PBXBuildFile; fileRef = 9DFED6C12CC558A5004348A2 /* ProductModel.swift */; };
		9DFED6C42CC559E5004348A2 /* ProductViewModel.swift in Sources */ = {isa = PBXBuildFile; fileRef = 9DFED6C32CC559E5004348A2 /* ProductViewModel.swift */; };
		9DFED6C62CC55CB4004348A2 /* ProductDAO.swift in Sources */ = {isa = PBXBuildFile; fileRef = 9DFED6C52CC55CA7004348A2 /* ProductDAO.swift */; };
		9DFED6C82CC56416004348A2 /* ProductCardView.swift in Sources */ = {isa = PBXBuildFile; fileRef = 9DFED6C72CC56416004348A2 /* ProductCardView.swift */; };
		9DFED6CA2CC564EE004348A2 /* ProductListView.swift in Sources */ = {isa = PBXBuildFile; fileRef = 9DFED6C92CC564EE004348A2 /* ProductListView.swift */; };
		9DFED6CC2CC58017004348A2 /* RatingView.swift in Sources */ = {isa = PBXBuildFile; fileRef = 9DFED6CB2CC58017004348A2 /* RatingView.swift */; };
		9DFED6D02CC5A6DD004348A2 /* MapAnnotationView.swift in Sources */ = {isa = PBXBuildFile; fileRef = 9DFED6CF2CC5A6DD004348A2 /* MapAnnotationView.swift */; };
		DE035ED62C87950E00627F34 /* _palas12_iOSApp.swift in Sources */ = {isa = PBXBuildFile; fileRef = DE035ED52C87950E00627F34 /* _palas12_iOSApp.swift */; };
		DE035EDA2C87951000627F34 /* Assets.xcassets in Resources */ = {isa = PBXBuildFile; fileRef = DE035ED92C87951000627F34 /* Assets.xcassets */; };
		DE035EDD2C87951000627F34 /* Preview Assets.xcassets in Resources */ = {isa = PBXBuildFile; fileRef = DE035EDC2C87951000627F34 /* Preview Assets.xcassets */; };
		DE035EE72C87951000627F34 /* _palas12_iOSTests.swift in Sources */ = {isa = PBXBuildFile; fileRef = DE035EE62C87951000627F34 /* _palas12_iOSTests.swift */; };
		DE035EF12C87951000627F34 /* _palas12_iOSUITests.swift in Sources */ = {isa = PBXBuildFile; fileRef = DE035EF02C87951000627F34 /* _palas12_iOSUITests.swift */; };
		DE035EF32C87951000627F34 /* _palas12_iOSUITestsLaunchTests.swift in Sources */ = {isa = PBXBuildFile; fileRef = DE035EF22C87951000627F34 /* _palas12_iOSUITestsLaunchTests.swift */; };
		DE294FF12CAB3BE70045044A /* FirebaseAuth in Frameworks */ = {isa = PBXBuildFile; productRef = DE294FF02CAB3BE70045044A /* FirebaseAuth */; };
		DE294FF72CACB9390045044A /* TabBarView.swift in Sources */ = {isa = PBXBuildFile; fileRef = DE294FF62CACB9370045044A /* TabBarView.swift */; };
		DE9131D42CC6BADD0004F455 /* FilteredRestaurantsView.swift in Sources */ = {isa = PBXBuildFile; fileRef = DE9131D22CC6BADD0004F455 /* FilteredRestaurantsView.swift */; };
		DED92B192CAB319F000ED341 /* GoogleService-Info.plist in Resources */ = {isa = PBXBuildFile; fileRef = DED92B182CAB319F000ED341 /* GoogleService-Info.plist */; };
		DED92B1C2CAB329F000ED341 /* FirebaseAnalytics in Frameworks */ = {isa = PBXBuildFile; productRef = DED92B1B2CAB329F000ED341 /* FirebaseAnalytics */; };
		DEE4577A2CACC0F000F810DD /* HexColorExtension.swift in Sources */ = {isa = PBXBuildFile; fileRef = DEE457792CACC0F000F810DD /* HexColorExtension.swift */; };
/* End PBXBuildFile section */

/* Begin PBXContainerItemProxy section */
		DE035EE32C87951000627F34 /* PBXContainerItemProxy */ = {
			isa = PBXContainerItemProxy;
			containerPortal = DE035ECA2C87950E00627F34 /* Project object */;
			proxyType = 1;
			remoteGlobalIDString = DE035ED12C87950E00627F34;
			remoteInfo = "5palas12-iOS";
		};
		DE035EED2C87951000627F34 /* PBXContainerItemProxy */ = {
			isa = PBXContainerItemProxy;
			containerPortal = DE035ECA2C87950E00627F34 /* Project object */;
			proxyType = 1;
			remoteGlobalIDString = DE035ED12C87950E00627F34;
			remoteInfo = "5palas12-iOS";
		};
/* End PBXContainerItemProxy section */

/* Begin PBXFileReference section */
		890CE0742CD97AFB009FE9B5 /* OrderViewModel.swift */ = {isa = PBXFileReference; lastKnownFileType = sourcecode.swift; path = OrderViewModel.swift; sourceTree = "<group>"; };
		890CE0762CD97B08009FE9B5 /* OrderModel.swift */ = {isa = PBXFileReference; lastKnownFileType = sourcecode.swift; path = OrderModel.swift; sourceTree = "<group>"; };
		890CE0782CD97B18009FE9B5 /* OrderListView.swift */ = {isa = PBXFileReference; lastKnownFileType = sourcecode.swift; path = OrderListView.swift; sourceTree = "<group>"; };
		890CE07A2CD97B2A009FE9B5 /* OrderDAO.swift */ = {isa = PBXFileReference; lastKnownFileType = sourcecode.swift; path = OrderDAO.swift; sourceTree = "<group>"; };
		890CE07C2CD97B38009FE9B5 /* OrderCardView.swift */ = {isa = PBXFileReference; lastKnownFileType = sourcecode.swift; path = OrderCardView.swift; sourceTree = "<group>"; };
		890CE07E2CD97B49009FE9B5 /* CreateOrderView.swift */ = {isa = PBXFileReference; lastKnownFileType = sourcecode.swift; path = CreateOrderView.swift; sourceTree = "<group>"; };
		890CE0802CD97B5A009FE9B5 /* TimeManager.swift */ = {isa = PBXFileReference; lastKnownFileType = sourcecode.swift; path = TimeManager.swift; sourceTree = "<group>"; };
		896D78E72CF3FA830000B8BB /* ChatMessage.swift */ = {isa = PBXFileReference; lastKnownFileType = sourcecode.swift; path = ChatMessage.swift; sourceTree = "<group>"; };
		896D78E92CF3FBD20000B8BB /* UserMessageBubble.swift */ = {isa = PBXFileReference; lastKnownFileType = sourcecode.swift; path = UserMessageBubble.swift; sourceTree = "<group>"; };
		896D78EB2CF3FC050000B8BB /* GeminiMessageBubble.swift */ = {isa = PBXFileReference; lastKnownFileType = sourcecode.swift; path = GeminiMessageBubble.swift; sourceTree = "<group>"; };
		896D78ED2CF3FC1F0000B8BB /* GeminiChatView.swift */ = {isa = PBXFileReference; lastKnownFileType = sourcecode.swift; path = GeminiChatView.swift; sourceTree = "<group>"; };
		896D78F02CF4103F0000B8BB /* Nutrition.swift */ = {isa = PBXFileReference; lastKnownFileType = sourcecode.swift; path = Nutrition.swift; sourceTree = "<group>"; };
		896D78F22CF410C00000B8BB /* NutritionAPImanager.swift */ = {isa = PBXFileReference; lastKnownFileType = sourcecode.swift; path = NutritionAPImanager.swift; sourceTree = "<group>"; };
		896D78F52CF410FD0000B8BB /* NutritionView.swift */ = {isa = PBXFileReference; lastKnownFileType = sourcecode.swift; path = NutritionView.swift; sourceTree = "<group>"; };
		9D0177C12CD9B5210072EB70 /* SearchBar.swift */ = {isa = PBXFileReference; lastKnownFileType = sourcecode.swift; path = SearchBar.swift; sourceTree = "<group>"; };
		9D0177C32CD9C3500072EB70 /* OfflineModeView.swift */ = {isa = PBXFileReference; lastKnownFileType = sourcecode.swift; path = OfflineModeView.swift; sourceTree = "<group>"; };
		9D0E61EA2CF422C30093D1A2 /* BasedOnYou.swift */ = {isa = PBXFileReference; lastKnownFileType = sourcecode.swift; path = BasedOnYou.swift; sourceTree = "<group>"; };
		9D4702712CAB0D39003FDB87 /* LogoView.swift */ = {isa = PBXFileReference; lastKnownFileType = sourcecode.swift; path = LogoView.swift; sourceTree = "<group>"; };
		9D51D2E92CBC64FA005B7827 /* AppDelegate.swift */ = {isa = PBXFileReference; lastKnownFileType = sourcecode.swift; path = AppDelegate.swift; sourceTree = "<group>"; };
		9D51D2F12CBC6750005B7827 /* FirestoreManager.swift */ = {isa = PBXFileReference; lastKnownFileType = sourcecode.swift; path = FirestoreManager.swift; sourceTree = "<group>"; };
		9D51D2F32CBC6A38005B7827 /* RestaurantSA.swift */ = {isa = PBXFileReference; lastKnownFileType = sourcecode.swift; path = RestaurantSA.swift; sourceTree = "<group>"; };
		9D673DF52CC95F76007A6E30 /* SearchView.swift */ = {isa = PBXFileReference; lastKnownFileType = sourcecode.swift; path = SearchView.swift; sourceTree = "<group>"; };
		9D673DF92CC95FA5007A6E30 /* FilteredRestaurantsView.swift */ = {isa = PBXFileReference; lastKnownFileType = sourcecode.swift; path = FilteredRestaurantsView.swift; sourceTree = "<group>"; };
		9D7173DD2CBB654900E4B524 /* TabBarButton.swift */ = {isa = PBXFileReference; lastKnownFileType = sourcecode.swift; path = TabBarButton.swift; sourceTree = "<group>"; };
		9D7173E12CBB7E7F00E4B524 /* RestaurantDetailView.swift */ = {isa = PBXFileReference; lastKnownFileType = sourcecode.swift; path = RestaurantDetailView.swift; sourceTree = "<group>"; };
		9DA4D00D2CAB5CAD00107CD2 /* LocationManager.swift */ = {isa = PBXFileReference; lastKnownFileType = sourcecode.swift; path = LocationManager.swift; sourceTree = "<group>"; };
		9DA4D00E2CAB5CAD00107CD2 /* MapView.swift */ = {isa = PBXFileReference; lastKnownFileType = sourcecode.swift; path = MapView.swift; sourceTree = "<group>"; };
		9DA4D0132CABA0B600107CD2 /* RestaurantModel.swift */ = {isa = PBXFileReference; lastKnownFileType = sourcecode.swift; path = RestaurantModel.swift; sourceTree = "<group>"; };
		9DA4D0172CABA5DC00107CD2 /* RestaurantViewModel.swift */ = {isa = PBXFileReference; lastKnownFileType = sourcecode.swift; path = RestaurantViewModel.swift; sourceTree = "<group>"; };
		9DB47C372CD72C670036B770 /* NetworkMonitor.swift */ = {isa = PBXFileReference; lastKnownFileType = sourcecode.swift; path = NetworkMonitor.swift; sourceTree = "<group>"; };
		9DE937102CAE35160061CD33 /* RestaurantCardView.swift */ = {isa = PBXFileReference; lastKnownFileType = sourcecode.swift; path = RestaurantCardView.swift; sourceTree = "<group>"; };
		9DE937112CAE35160061CD33 /* RestaurantsListView.swift */ = {isa = PBXFileReference; lastKnownFileType = sourcecode.swift; path = RestaurantsListView.swift; sourceTree = "<group>"; };
		9DFED6C12CC558A5004348A2 /* ProductModel.swift */ = {isa = PBXFileReference; lastKnownFileType = sourcecode.swift; path = ProductModel.swift; sourceTree = "<group>"; };
		9DFED6C32CC559E5004348A2 /* ProductViewModel.swift */ = {isa = PBXFileReference; lastKnownFileType = sourcecode.swift; path = ProductViewModel.swift; sourceTree = "<group>"; };
		9DFED6C52CC55CA7004348A2 /* ProductDAO.swift */ = {isa = PBXFileReference; lastKnownFileType = sourcecode.swift; path = ProductDAO.swift; sourceTree = "<group>"; };
		9DFED6C72CC56416004348A2 /* ProductCardView.swift */ = {isa = PBXFileReference; lastKnownFileType = sourcecode.swift; path = ProductCardView.swift; sourceTree = "<group>"; };
		9DFED6C92CC564EE004348A2 /* ProductListView.swift */ = {isa = PBXFileReference; lastKnownFileType = sourcecode.swift; path = ProductListView.swift; sourceTree = "<group>"; };
		9DFED6CB2CC58017004348A2 /* RatingView.swift */ = {isa = PBXFileReference; lastKnownFileType = sourcecode.swift; path = RatingView.swift; sourceTree = "<group>"; };
		9DFED6CF2CC5A6DD004348A2 /* MapAnnotationView.swift */ = {isa = PBXFileReference; lastKnownFileType = sourcecode.swift; path = MapAnnotationView.swift; sourceTree = "<group>"; };
		DE035ED22C87950E00627F34 /* 5palas12-iOS.app */ = {isa = PBXFileReference; explicitFileType = wrapper.application; includeInIndex = 0; path = "5palas12-iOS.app"; sourceTree = BUILT_PRODUCTS_DIR; };
		DE035ED52C87950E00627F34 /* _palas12_iOSApp.swift */ = {isa = PBXFileReference; lastKnownFileType = sourcecode.swift; path = _palas12_iOSApp.swift; sourceTree = "<group>"; };
		DE035ED92C87951000627F34 /* Assets.xcassets */ = {isa = PBXFileReference; lastKnownFileType = folder.assetcatalog; path = Assets.xcassets; sourceTree = "<group>"; };
		DE035EDC2C87951000627F34 /* Preview Assets.xcassets */ = {isa = PBXFileReference; lastKnownFileType = folder.assetcatalog; path = "Preview Assets.xcassets"; sourceTree = "<group>"; };
		DE035EE22C87951000627F34 /* 5palas12-iOSTests.xctest */ = {isa = PBXFileReference; explicitFileType = wrapper.cfbundle; includeInIndex = 0; path = "5palas12-iOSTests.xctest"; sourceTree = BUILT_PRODUCTS_DIR; };
		DE035EE62C87951000627F34 /* _palas12_iOSTests.swift */ = {isa = PBXFileReference; lastKnownFileType = sourcecode.swift; path = _palas12_iOSTests.swift; sourceTree = "<group>"; };
		DE035EEC2C87951000627F34 /* 5palas12-iOSUITests.xctest */ = {isa = PBXFileReference; explicitFileType = wrapper.cfbundle; includeInIndex = 0; path = "5palas12-iOSUITests.xctest"; sourceTree = BUILT_PRODUCTS_DIR; };
		DE035EF02C87951000627F34 /* _palas12_iOSUITests.swift */ = {isa = PBXFileReference; lastKnownFileType = sourcecode.swift; path = _palas12_iOSUITests.swift; sourceTree = "<group>"; };
		DE035EF22C87951000627F34 /* _palas12_iOSUITestsLaunchTests.swift */ = {isa = PBXFileReference; lastKnownFileType = sourcecode.swift; path = _palas12_iOSUITestsLaunchTests.swift; sourceTree = "<group>"; };
		DE294FF62CACB9370045044A /* TabBarView.swift */ = {isa = PBXFileReference; lastKnownFileType = sourcecode.swift; path = TabBarView.swift; sourceTree = "<group>"; };
		DE9131D22CC6BADD0004F455 /* FilteredRestaurantsView.swift */ = {isa = PBXFileReference; lastKnownFileType = sourcecode.swift; path = FilteredRestaurantsView.swift; sourceTree = "<group>"; };
		DED92B182CAB319F000ED341 /* GoogleService-Info.plist */ = {isa = PBXFileReference; lastKnownFileType = text.plist.xml; path = "GoogleService-Info.plist"; sourceTree = "<group>"; };
		DEE457792CACC0F000F810DD /* HexColorExtension.swift */ = {isa = PBXFileReference; lastKnownFileType = sourcecode.swift; path = HexColorExtension.swift; sourceTree = "<group>"; };
/* End PBXFileReference section */

/* Begin PBXFileSystemSynchronizedBuildFileExceptionSet section */
		9D4702782CAB136B003FDB87 /* PBXFileSystemSynchronizedBuildFileExceptionSet */ = {
			isa = PBXFileSystemSynchronizedBuildFileExceptionSet;
			membershipExceptions = (
				"FascinateInline-Regular.ttf",
			);
			target = DE035ED12C87950E00627F34 /* 5palas12-iOS */;
		};
/* End PBXFileSystemSynchronizedBuildFileExceptionSet section */

/* Begin PBXFileSystemSynchronizedRootGroup section */
		9D4702752CAB1345003FDB87 /* Fonts */ = {isa = PBXFileSystemSynchronizedRootGroup; exceptions = (9D4702782CAB136B003FDB87 /* PBXFileSystemSynchronizedBuildFileExceptionSet */, ); explicitFileTypes = {}; explicitFolders = (); path = Fonts; sourceTree = "<group>"; };
		9D56D4482CD176B800098007 /* Payments */ = {isa = PBXFileSystemSynchronizedRootGroup; explicitFileTypes = {}; explicitFolders = (); path = Payments; sourceTree = "<group>"; };
		DE3CBBD12CC4A9FD0089E081 /* Profile */ = {isa = PBXFileSystemSynchronizedRootGroup; explicitFileTypes = {}; explicitFolders = (); path = Profile; sourceTree = "<group>"; };
		DE4772D32CBFFD8C0078DBB7 /* Login */ = {isa = PBXFileSystemSynchronizedRootGroup; explicitFileTypes = {}; explicitFolders = (); path = Login; sourceTree = "<group>"; };
		DE4772D42CBFFDF60078DBB7 /* User */ = {isa = PBXFileSystemSynchronizedRootGroup; explicitFileTypes = {}; explicitFolders = (); path = User; sourceTree = "<group>"; };
		DE5F98DB2CC5959100862BA2 /* BusinessCenter */ = {isa = PBXFileSystemSynchronizedRootGroup; explicitFileTypes = {}; explicitFolders = (); path = BusinessCenter; sourceTree = "<group>"; };
/* End PBXFileSystemSynchronizedRootGroup section */

/* Begin PBXFrameworksBuildPhase section */
		DE035ECF2C87950E00627F34 /* Frameworks */ = {
			isa = PBXFrameworksBuildPhase;
			buildActionMask = 2147483647;
			files = (
				DED92B1C2CAB329F000ED341 /* FirebaseAnalytics in Frameworks */,
				DE294FF12CAB3BE70045044A /* FirebaseAuth in Frameworks */,
				9D51D2EE2CBC6615005B7827 /* FirebaseCore in Frameworks */,
				9D01778A2CD99DFA0072EB70 /* FirebaseStorage in Frameworks */,
				9D51D2F02CBC6615005B7827 /* FirebaseFirestore in Frameworks */,
			);
			runOnlyForDeploymentPostprocessing = 0;
		};
		DE035EDF2C87951000627F34 /* Frameworks */ = {
			isa = PBXFrameworksBuildPhase;
			buildActionMask = 2147483647;
			files = (
			);
			runOnlyForDeploymentPostprocessing = 0;
		};
		DE035EE92C87951000627F34 /* Frameworks */ = {
			isa = PBXFrameworksBuildPhase;
			buildActionMask = 2147483647;
			files = (
			);
			runOnlyForDeploymentPostprocessing = 0;
		};
/* End PBXFrameworksBuildPhase section */

/* Begin PBXGroup section */
		890CE0732CD97AC6009FE9B5 /* Oirders */ = {
			isa = PBXGroup;
			children = (
				890CE0802CD97B5A009FE9B5 /* TimeManager.swift */,
				890CE07E2CD97B49009FE9B5 /* CreateOrderView.swift */,
				890CE07C2CD97B38009FE9B5 /* OrderCardView.swift */,
				890CE07A2CD97B2A009FE9B5 /* OrderDAO.swift */,
				890CE0782CD97B18009FE9B5 /* OrderListView.swift */,
				890CE0762CD97B08009FE9B5 /* OrderModel.swift */,
				890CE0742CD97AFB009FE9B5 /* OrderViewModel.swift */,
			);
			path = Oirders;
			sourceTree = "<group>";
		};
		896D78E22CF3FA480000B8BB /* Chat */ = {
			isa = PBXGroup;
			children = (
				896D78ED2CF3FC1F0000B8BB /* GeminiChatView.swift */,
				896D78EB2CF3FC050000B8BB /* GeminiMessageBubble.swift */,
				896D78E92CF3FBD20000B8BB /* UserMessageBubble.swift */,
				896D78E72CF3FA830000B8BB /* ChatMessage.swift */,
			);
			path = Chat;
			sourceTree = "<group>";
		};
		896D78EF2CF410390000B8BB /* Food */ = {
			isa = PBXGroup;
			children = (
				896D78F52CF410FD0000B8BB /* NutritionView.swift */,
				896D78F22CF410C00000B8BB /* NutritionAPImanager.swift */,
				896D78F02CF4103F0000B8BB /* Nutrition.swift */,
			);
			path = Food;
			sourceTree = "<group>";
		};
		9D7173E02CBB694C00E4B524 /* Layout */ = {
			isa = PBXGroup;
			children = (
				9D0177C32CD9C3500072EB70 /* OfflineModeView.swift */,
				9D4702712CAB0D39003FDB87 /* LogoView.swift */,
				9D7173DD2CBB654900E4B524 /* TabBarButton.swift */,
				DE294FF62CACB9370045044A /* TabBarView.swift */,
				9DFED6CB2CC58017004348A2 /* RatingView.swift */,
			);
			path = Layout;
			sourceTree = "<group>";
		};
		9DA4D0152CABA56300107CD2 /* Restaurant */ = {
			isa = PBXGroup;
			children = (
				9D0E61EA2CF422C30093D1A2 /* BasedOnYou.swift */,
				9D0177C12CD9B5210072EB70 /* SearchBar.swift */,
				DE9131D22CC6BADD0004F455 /* FilteredRestaurantsView.swift */,
				9DE937102CAE35160061CD33 /* RestaurantCardView.swift */,
				9D673DF52CC95F76007A6E30 /* SearchView.swift */,
				9DA4D0132CABA0B600107CD2 /* RestaurantModel.swift */,
				9DE937112CAE35160061CD33 /* RestaurantsListView.swift */,
				9DA4D0172CABA5DC00107CD2 /* RestaurantViewModel.swift */,
				9D7173E12CBB7E7F00E4B524 /* RestaurantDetailView.swift */,
				9D51D2F32CBC6A38005B7827 /* RestaurantSA.swift */,
			);
			path = Restaurant;
			sourceTree = "<group>";
		};
		9DA4D0162CABA5AA00107CD2 /* Map */ = {
			isa = PBXGroup;
			children = (
				9DA4D00D2CAB5CAD00107CD2 /* LocationManager.swift */,
				9DA4D00E2CAB5CAD00107CD2 /* MapView.swift */,
				9DFED6CF2CC5A6DD004348A2 /* MapAnnotationView.swift */,
			);
			path = Map;
			sourceTree = "<group>";
		};
		9DFED6C02CC55852004348A2 /* Product */ = {
			isa = PBXGroup;
			children = (
				9DFED6C52CC55CA7004348A2 /* ProductDAO.swift */,
				9DFED6C12CC558A5004348A2 /* ProductModel.swift */,
				9DFED6C32CC559E5004348A2 /* ProductViewModel.swift */,
				9DFED6C72CC56416004348A2 /* ProductCardView.swift */,
				9DFED6C92CC564EE004348A2 /* ProductListView.swift */,
			);
			path = Product;
			sourceTree = "<group>";
		};
		DE035EC92C87950E00627F34 = {
			isa = PBXGroup;
			children = (
				DE035ED42C87950E00627F34 /* 5palas12-iOS */,
				DE035EE52C87951000627F34 /* 5palas12-iOSTests */,
				DE035EEF2C87951000627F34 /* 5palas12-iOSUITests */,
				DE294FEF2CAB3BE70045044A /* Frameworks */,
				DE035ED32C87950E00627F34 /* Products */,
				9D4702752CAB1345003FDB87 /* Fonts */,
				DE24C6682CD3C17600C696BA /* Recovered References */,
			);
			sourceTree = "<group>";
		};
		DE035ED32C87950E00627F34 /* Products */ = {
			isa = PBXGroup;
			children = (
				DE035ED22C87950E00627F34 /* 5palas12-iOS.app */,
				DE035EE22C87951000627F34 /* 5palas12-iOSTests.xctest */,
				DE035EEC2C87951000627F34 /* 5palas12-iOSUITests.xctest */,
			);
			name = Products;
			sourceTree = "<group>";
		};
		DE035ED42C87950E00627F34 /* 5palas12-iOS */ = {
			isa = PBXGroup;
			children = (
				896D78EF2CF410390000B8BB /* Food */,
				896D78E22CF3FA480000B8BB /* Chat */,
				890CE0732CD97AC6009FE9B5 /* Oirders */,
				9D56D4482CD176B800098007 /* Payments */,
				DE5F98DB2CC5959100862BA2 /* BusinessCenter */,
				DE3CBBD12CC4A9FD0089E081 /* Profile */,
				9DFED6C02CC55852004348A2 /* Product */,
				DE4772D42CBFFDF60078DBB7 /* User */,
				DE4772D32CBFFD8C0078DBB7 /* Login */,
				9D7173E02CBB694C00E4B524 /* Layout */,
				9DA4D0162CABA5AA00107CD2 /* Map */,
				9DA4D0152CABA56300107CD2 /* Restaurant */,
				DE035ED52C87950E00627F34 /* _palas12_iOSApp.swift */,
				9DB47C372CD72C670036B770 /* NetworkMonitor.swift */,
				9D51D2F12CBC6750005B7827 /* FirestoreManager.swift */,
				9D51D2E92CBC64FA005B7827 /* AppDelegate.swift */,
				DEE457792CACC0F000F810DD /* HexColorExtension.swift */,
				DE035ED92C87951000627F34 /* Assets.xcassets */,
				DE035EDB2C87951000627F34 /* Preview Content */,
				DED92B182CAB319F000ED341 /* GoogleService-Info.plist */,
			);
			path = "5palas12-iOS";
			sourceTree = "<group>";
		};
		DE035EDB2C87951000627F34 /* Preview Content */ = {
			isa = PBXGroup;
			children = (
				DE035EDC2C87951000627F34 /* Preview Assets.xcassets */,
			);
			path = "Preview Content";
			sourceTree = "<group>";
		};
		DE035EE52C87951000627F34 /* 5palas12-iOSTests */ = {
			isa = PBXGroup;
			children = (
				DE035EE62C87951000627F34 /* _palas12_iOSTests.swift */,
			);
			path = "5palas12-iOSTests";
			sourceTree = "<group>";
		};
		DE035EEF2C87951000627F34 /* 5palas12-iOSUITests */ = {
			isa = PBXGroup;
			children = (
				DE035EF02C87951000627F34 /* _palas12_iOSUITests.swift */,
				DE035EF22C87951000627F34 /* _palas12_iOSUITestsLaunchTests.swift */,
			);
			path = "5palas12-iOSUITests";
			sourceTree = "<group>";
		};
		DE24C6682CD3C17600C696BA /* Recovered References */ = {
			isa = PBXGroup;
			children = (
				9D673DF92CC95FA5007A6E30 /* FilteredRestaurantsView.swift */,
			);
			name = "Recovered References";
			sourceTree = "<group>";
		};
		DE294FEF2CAB3BE70045044A /* Frameworks */ = {
			isa = PBXGroup;
			children = (
			);
			name = Frameworks;
			sourceTree = "<group>";
		};
/* End PBXGroup section */

/* Begin PBXNativeTarget section */
		DE035ED12C87950E00627F34 /* 5palas12-iOS */ = {
			isa = PBXNativeTarget;
			buildConfigurationList = DE035EF62C87951000627F34 /* Build configuration list for PBXNativeTarget "5palas12-iOS" */;
			buildPhases = (
				DE035ECE2C87950E00627F34 /* Sources */,
				DE035ECF2C87950E00627F34 /* Frameworks */,
				DE035ED02C87950E00627F34 /* Resources */,
			);
			buildRules = (
			);
			dependencies = (
			);
			fileSystemSynchronizedGroups = (
				9D56D4482CD176B800098007 /* Payments */,
				DE3CBBD12CC4A9FD0089E081 /* Profile */,
				DE4772D32CBFFD8C0078DBB7 /* Login */,
				DE4772D42CBFFDF60078DBB7 /* User */,
				DE5F98DB2CC5959100862BA2 /* BusinessCenter */,
			);
			name = "5palas12-iOS";
			productName = "5palas12-iOS";
			productReference = DE035ED22C87950E00627F34 /* 5palas12-iOS.app */;
			productType = "com.apple.product-type.application";
		};
		DE035EE12C87951000627F34 /* 5palas12-iOSTests */ = {
			isa = PBXNativeTarget;
			buildConfigurationList = DE035EF92C87951000627F34 /* Build configuration list for PBXNativeTarget "5palas12-iOSTests" */;
			buildPhases = (
				DE035EDE2C87951000627F34 /* Sources */,
				DE035EDF2C87951000627F34 /* Frameworks */,
				DE035EE02C87951000627F34 /* Resources */,
			);
			buildRules = (
			);
			dependencies = (
				DE035EE42C87951000627F34 /* PBXTargetDependency */,
			);
			name = "5palas12-iOSTests";
			productName = "5palas12-iOSTests";
			productReference = DE035EE22C87951000627F34 /* 5palas12-iOSTests.xctest */;
			productType = "com.apple.product-type.bundle.unit-test";
		};
		DE035EEB2C87951000627F34 /* 5palas12-iOSUITests */ = {
			isa = PBXNativeTarget;
			buildConfigurationList = DE035EFC2C87951000627F34 /* Build configuration list for PBXNativeTarget "5palas12-iOSUITests" */;
			buildPhases = (
				DE035EE82C87951000627F34 /* Sources */,
				DE035EE92C87951000627F34 /* Frameworks */,
				DE035EEA2C87951000627F34 /* Resources */,
			);
			buildRules = (
			);
			dependencies = (
				DE035EEE2C87951000627F34 /* PBXTargetDependency */,
			);
			name = "5palas12-iOSUITests";
			productName = "5palas12-iOSUITests";
			productReference = DE035EEC2C87951000627F34 /* 5palas12-iOSUITests.xctest */;
			productType = "com.apple.product-type.bundle.ui-testing";
		};
/* End PBXNativeTarget section */

/* Begin PBXProject section */
		DE035ECA2C87950E00627F34 /* Project object */ = {
			isa = PBXProject;
			attributes = {
				BuildIndependentTargetsInParallel = 1;
				LastSwiftUpdateCheck = 1540;
				LastUpgradeCheck = 1600;
				TargetAttributes = {
					DE035ED12C87950E00627F34 = {
						CreatedOnToolsVersion = 15.4;
					};
					DE035EE12C87951000627F34 = {
						CreatedOnToolsVersion = 15.4;
						TestTargetID = DE035ED12C87950E00627F34;
					};
					DE035EEB2C87951000627F34 = {
						CreatedOnToolsVersion = 15.4;
						TestTargetID = DE035ED12C87950E00627F34;
					};
				};
			};
			buildConfigurationList = DE035ECD2C87950E00627F34 /* Build configuration list for PBXProject "5palas12-iOS" */;
			compatibilityVersion = "Xcode 14.0";
			developmentRegion = en;
			hasScannedForEncodings = 0;
			knownRegions = (
				en,
				Base,
			);
			mainGroup = DE035EC92C87950E00627F34;
			packageReferences = (
				DED92B1A2CAB329F000ED341 /* XCRemoteSwiftPackageReference "firebase-ios-sdk" */,
			);
			productRefGroup = DE035ED32C87950E00627F34 /* Products */;
			projectDirPath = "";
			projectRoot = "";
			targets = (
				DE035ED12C87950E00627F34 /* 5palas12-iOS */,
				DE035EE12C87951000627F34 /* 5palas12-iOSTests */,
				DE035EEB2C87951000627F34 /* 5palas12-iOSUITests */,
			);
		};
/* End PBXProject section */

/* Begin PBXResourcesBuildPhase section */
		DE035ED02C87950E00627F34 /* Resources */ = {
			isa = PBXResourcesBuildPhase;
			buildActionMask = 2147483647;
			files = (
				DE035EDD2C87951000627F34 /* Preview Assets.xcassets in Resources */,
				DED92B192CAB319F000ED341 /* GoogleService-Info.plist in Resources */,
				DE035EDA2C87951000627F34 /* Assets.xcassets in Resources */,
			);
			runOnlyForDeploymentPostprocessing = 0;
		};
		DE035EE02C87951000627F34 /* Resources */ = {
			isa = PBXResourcesBuildPhase;
			buildActionMask = 2147483647;
			files = (
			);
			runOnlyForDeploymentPostprocessing = 0;
		};
		DE035EEA2C87951000627F34 /* Resources */ = {
			isa = PBXResourcesBuildPhase;
			buildActionMask = 2147483647;
			files = (
			);
			runOnlyForDeploymentPostprocessing = 0;
		};
/* End PBXResourcesBuildPhase section */

/* Begin PBXSourcesBuildPhase section */
		DE035ECE2C87950E00627F34 /* Sources */ = {
			isa = PBXSourcesBuildPhase;
			buildActionMask = 2147483647;
			files = (
				890CE07F2CD97B53009FE9B5 /* CreateOrderView.swift in Sources */,
				890CE07B2CD97B2F009FE9B5 /* OrderDAO.swift in Sources */,
				896D78F12CF410440000B8BB /* Nutrition.swift in Sources */,
				896D78EA2CF3FBDC0000B8BB /* UserMessageBubble.swift in Sources */,
				890CE0792CD97B23009FE9B5 /* OrderListView.swift in Sources */,
				9DFED6D02CC5A6DD004348A2 /* MapAnnotationView.swift in Sources */,
				DEE4577A2CACC0F000F810DD /* HexColorExtension.swift in Sources */,
				DE035ED62C87950E00627F34 /* _palas12_iOSApp.swift in Sources */,
				890CE0752CD97B03009FE9B5 /* OrderViewModel.swift in Sources */,
				DE294FF72CACB9390045044A /* TabBarView.swift in Sources */,
				9DE937122CAE35160061CD33 /* RestaurantCardView.swift in Sources */,
				896D78EE2CF3FC2D0000B8BB /* GeminiChatView.swift in Sources */,
				9DE937132CAE35160061CD33 /* RestaurantsListView.swift in Sources */,
				9DB47C382CD72C670036B770 /* NetworkMonitor.swift in Sources */,
				9DFED6C22CC558A5004348A2 /* ProductModel.swift in Sources */,
				9DA4D00F2CAB5CAD00107CD2 /* LocationManager.swift in Sources */,
				9D51D2F42CBC6A38005B7827 /* RestaurantSA.swift in Sources */,
				9DFED6CC2CC58017004348A2 /* RatingView.swift in Sources */,
				9DFED6C82CC56416004348A2 /* ProductCardView.swift in Sources */,
				896D78F32CF410CB0000B8BB /* NutritionAPImanager.swift in Sources */,
				9DFED6CA2CC564EE004348A2 /* ProductListView.swift in Sources */,
				9DE63B902CD95B0400797C82 /* (null) in Sources */,
				890CE0812CD97B5E009FE9B5 /* TimeManager.swift in Sources */,
				890CE07D2CD97B3E009FE9B5 /* OrderCardView.swift in Sources */,
				896D78EC2CF3FC0A0000B8BB /* GeminiMessageBubble.swift in Sources */,
				890CE0772CD97B0F009FE9B5 /* OrderModel.swift in Sources */,
				9D51D2EA2CBC64FA005B7827 /* AppDelegate.swift in Sources */,
				9DFED6C62CC55CB4004348A2 /* ProductDAO.swift in Sources */,
				9DA4D0102CAB5CAD00107CD2 /* MapView.swift in Sources */,
				DE9131D42CC6BADD0004F455 /* FilteredRestaurantsView.swift in Sources */,
				9D0177C42CD9C3550072EB70 /* OfflineModeView.swift in Sources */,
				9D4702722CAB0D39003FDB87 /* LogoView.swift in Sources */,
				9D0177C22CD9B5210072EB70 /* SearchBar.swift in Sources */,
				9DA4D0142CABA0B600107CD2 /* RestaurantModel.swift in Sources */,
				9D673DF62CC95F76007A6E30 /* SearchView.swift in Sources */,
				896D78E82CF3FA8B0000B8BB /* ChatMessage.swift in Sources */,
				9D7173E22CBB7E7F00E4B524 /* RestaurantDetailView.swift in Sources */,
				9D7173DE2CBB654900E4B524 /* TabBarButton.swift in Sources */,
				9D0E61EB2CF422C30093D1A2 /* BasedOnYou.swift in Sources */,
				9D51D2F22CBC6750005B7827 /* FirestoreManager.swift in Sources */,
				9DA4D0182CABA5DC00107CD2 /* RestaurantViewModel.swift in Sources */,
				9DFED6C42CC559E5004348A2 /* ProductViewModel.swift in Sources */,
				896D78F62CF411020000B8BB /* NutritionView.swift in Sources */,
			);
			runOnlyForDeploymentPostprocessing = 0;
		};
		DE035EDE2C87951000627F34 /* Sources */ = {
			isa = PBXSourcesBuildPhase;
			buildActionMask = 2147483647;
			files = (
				DE035EE72C87951000627F34 /* _palas12_iOSTests.swift in Sources */,
			);
			runOnlyForDeploymentPostprocessing = 0;
		};
		DE035EE82C87951000627F34 /* Sources */ = {
			isa = PBXSourcesBuildPhase;
			buildActionMask = 2147483647;
			files = (
				DE035EF12C87951000627F34 /* _palas12_iOSUITests.swift in Sources */,
				DE035EF32C87951000627F34 /* _palas12_iOSUITestsLaunchTests.swift in Sources */,
			);
			runOnlyForDeploymentPostprocessing = 0;
		};
/* End PBXSourcesBuildPhase section */

/* Begin PBXTargetDependency section */
		DE035EE42C87951000627F34 /* PBXTargetDependency */ = {
			isa = PBXTargetDependency;
			target = DE035ED12C87950E00627F34 /* 5palas12-iOS */;
			targetProxy = DE035EE32C87951000627F34 /* PBXContainerItemProxy */;
		};
		DE035EEE2C87951000627F34 /* PBXTargetDependency */ = {
			isa = PBXTargetDependency;
			target = DE035ED12C87950E00627F34 /* 5palas12-iOS */;
			targetProxy = DE035EED2C87951000627F34 /* PBXContainerItemProxy */;
		};
/* End PBXTargetDependency section */

/* Begin XCBuildConfiguration section */
		DE035EF42C87951000627F34 /* Debug */ = {
			isa = XCBuildConfiguration;
			buildSettings = {
				ALWAYS_SEARCH_USER_PATHS = NO;
				ASSETCATALOG_COMPILER_GENERATE_SWIFT_ASSET_SYMBOL_EXTENSIONS = YES;
				CLANG_ANALYZER_NONNULL = YES;
				CLANG_ANALYZER_NUMBER_OBJECT_CONVERSION = YES_AGGRESSIVE;
				CLANG_CXX_LANGUAGE_STANDARD = "gnu++20";
				CLANG_ENABLE_MODULES = YES;
				CLANG_ENABLE_OBJC_ARC = YES;
				CLANG_ENABLE_OBJC_WEAK = YES;
				CLANG_WARN_BLOCK_CAPTURE_AUTORELEASING = YES;
				CLANG_WARN_BOOL_CONVERSION = YES;
				CLANG_WARN_COMMA = YES;
				CLANG_WARN_CONSTANT_CONVERSION = YES;
				CLANG_WARN_DEPRECATED_OBJC_IMPLEMENTATIONS = YES;
				CLANG_WARN_DIRECT_OBJC_ISA_USAGE = YES_ERROR;
				CLANG_WARN_DOCUMENTATION_COMMENTS = YES;
				CLANG_WARN_EMPTY_BODY = YES;
				CLANG_WARN_ENUM_CONVERSION = YES;
				CLANG_WARN_INFINITE_RECURSION = YES;
				CLANG_WARN_INT_CONVERSION = YES;
				CLANG_WARN_NON_LITERAL_NULL_CONVERSION = YES;
				CLANG_WARN_OBJC_IMPLICIT_RETAIN_SELF = YES;
				CLANG_WARN_OBJC_LITERAL_CONVERSION = YES;
				CLANG_WARN_OBJC_ROOT_CLASS = YES_ERROR;
				CLANG_WARN_QUOTED_INCLUDE_IN_FRAMEWORK_HEADER = YES;
				CLANG_WARN_RANGE_LOOP_ANALYSIS = YES;
				CLANG_WARN_STRICT_PROTOTYPES = YES;
				CLANG_WARN_SUSPICIOUS_MOVE = YES;
				CLANG_WARN_UNGUARDED_AVAILABILITY = YES_AGGRESSIVE;
				CLANG_WARN_UNREACHABLE_CODE = YES;
				CLANG_WARN__DUPLICATE_METHOD_MATCH = YES;
				COPY_PHASE_STRIP = NO;
				DEBUG_INFORMATION_FORMAT = dwarf;
				ENABLE_STRICT_OBJC_MSGSEND = YES;
				ENABLE_TESTABILITY = YES;
				ENABLE_USER_SCRIPT_SANDBOXING = YES;
				GCC_C_LANGUAGE_STANDARD = gnu17;
				GCC_DYNAMIC_NO_PIC = NO;
				GCC_NO_COMMON_BLOCKS = YES;
				GCC_OPTIMIZATION_LEVEL = 0;
				GCC_PREPROCESSOR_DEFINITIONS = (
					"DEBUG=1",
					"$(inherited)",
				);
				GCC_WARN_64_TO_32_BIT_CONVERSION = YES;
				GCC_WARN_ABOUT_RETURN_TYPE = YES_ERROR;
				GCC_WARN_UNDECLARED_SELECTOR = YES;
				GCC_WARN_UNINITIALIZED_AUTOS = YES_AGGRESSIVE;
				GCC_WARN_UNUSED_FUNCTION = YES;
				GCC_WARN_UNUSED_VARIABLE = YES;
				IPHONEOS_DEPLOYMENT_TARGET = 17.5;
				LOCALIZATION_PREFERS_STRING_CATALOGS = YES;
				MTL_ENABLE_DEBUG_INFO = INCLUDE_SOURCE;
				MTL_FAST_MATH = YES;
				ONLY_ACTIVE_ARCH = YES;
				SDKROOT = iphoneos;
				SWIFT_ACTIVE_COMPILATION_CONDITIONS = "DEBUG $(inherited)";
				SWIFT_OPTIMIZATION_LEVEL = "-Onone";
			};
			name = Debug;
		};
		DE035EF52C87951000627F34 /* Release */ = {
			isa = XCBuildConfiguration;
			buildSettings = {
				ALWAYS_SEARCH_USER_PATHS = NO;
				ASSETCATALOG_COMPILER_GENERATE_SWIFT_ASSET_SYMBOL_EXTENSIONS = YES;
				CLANG_ANALYZER_NONNULL = YES;
				CLANG_ANALYZER_NUMBER_OBJECT_CONVERSION = YES_AGGRESSIVE;
				CLANG_CXX_LANGUAGE_STANDARD = "gnu++20";
				CLANG_ENABLE_MODULES = YES;
				CLANG_ENABLE_OBJC_ARC = YES;
				CLANG_ENABLE_OBJC_WEAK = YES;
				CLANG_WARN_BLOCK_CAPTURE_AUTORELEASING = YES;
				CLANG_WARN_BOOL_CONVERSION = YES;
				CLANG_WARN_COMMA = YES;
				CLANG_WARN_CONSTANT_CONVERSION = YES;
				CLANG_WARN_DEPRECATED_OBJC_IMPLEMENTATIONS = YES;
				CLANG_WARN_DIRECT_OBJC_ISA_USAGE = YES_ERROR;
				CLANG_WARN_DOCUMENTATION_COMMENTS = YES;
				CLANG_WARN_EMPTY_BODY = YES;
				CLANG_WARN_ENUM_CONVERSION = YES;
				CLANG_WARN_INFINITE_RECURSION = YES;
				CLANG_WARN_INT_CONVERSION = YES;
				CLANG_WARN_NON_LITERAL_NULL_CONVERSION = YES;
				CLANG_WARN_OBJC_IMPLICIT_RETAIN_SELF = YES;
				CLANG_WARN_OBJC_LITERAL_CONVERSION = YES;
				CLANG_WARN_OBJC_ROOT_CLASS = YES_ERROR;
				CLANG_WARN_QUOTED_INCLUDE_IN_FRAMEWORK_HEADER = YES;
				CLANG_WARN_RANGE_LOOP_ANALYSIS = YES;
				CLANG_WARN_STRICT_PROTOTYPES = YES;
				CLANG_WARN_SUSPICIOUS_MOVE = YES;
				CLANG_WARN_UNGUARDED_AVAILABILITY = YES_AGGRESSIVE;
				CLANG_WARN_UNREACHABLE_CODE = YES;
				CLANG_WARN__DUPLICATE_METHOD_MATCH = YES;
				COPY_PHASE_STRIP = NO;
				DEBUG_INFORMATION_FORMAT = "dwarf-with-dsym";
				ENABLE_NS_ASSERTIONS = NO;
				ENABLE_STRICT_OBJC_MSGSEND = YES;
				ENABLE_USER_SCRIPT_SANDBOXING = YES;
				GCC_C_LANGUAGE_STANDARD = gnu17;
				GCC_NO_COMMON_BLOCKS = YES;
				GCC_WARN_64_TO_32_BIT_CONVERSION = YES;
				GCC_WARN_ABOUT_RETURN_TYPE = YES_ERROR;
				GCC_WARN_UNDECLARED_SELECTOR = YES;
				GCC_WARN_UNINITIALIZED_AUTOS = YES_AGGRESSIVE;
				GCC_WARN_UNUSED_FUNCTION = YES;
				GCC_WARN_UNUSED_VARIABLE = YES;
				IPHONEOS_DEPLOYMENT_TARGET = 17.5;
				LOCALIZATION_PREFERS_STRING_CATALOGS = YES;
				MTL_ENABLE_DEBUG_INFO = NO;
				MTL_FAST_MATH = YES;
				SDKROOT = iphoneos;
				SWIFT_COMPILATION_MODE = wholemodule;
				VALIDATE_PRODUCT = YES;
			};
			name = Release;
		};
		DE035EF72C87951000627F34 /* Debug */ = {
			isa = XCBuildConfiguration;
			buildSettings = {
				ASSETCATALOG_COMPILER_APPICON_NAME = AppIcon;
				ASSETCATALOG_COMPILER_GLOBAL_ACCENT_COLOR_NAME = AccentColor;
				CODE_SIGN_STYLE = Automatic;
				CURRENT_PROJECT_VERSION = 1;
				DEVELOPMENT_ASSET_PATHS = "\"5palas12-iOS/Preview Content\"";
				DEVELOPMENT_TEAM = YYACA4789Q;
				ENABLE_PREVIEWS = YES;
				GENERATE_INFOPLIST_FILE = YES;
				INFOPLIST_FILE = "-palas12-iOS-Info.plist";
				INFOPLIST_KEY_LSApplicationCategoryType = "";
				INFOPLIST_KEY_NSFaceIDUsageDescription = "Face ID is required to securely show sensitive data";
				INFOPLIST_KEY_NSLocationWhenInUseUsageDescription = "Se necesita acceder a su ubicación para mostrar su posición en el mapa.";
				INFOPLIST_KEY_UIApplicationSceneManifest_Generation = YES;
				INFOPLIST_KEY_UIApplicationSupportsIndirectInputEvents = YES;
				INFOPLIST_KEY_UILaunchScreen_Generation = YES;
				INFOPLIST_KEY_UISupportedInterfaceOrientations_iPad = "UIInterfaceOrientationPortrait UIInterfaceOrientationPortraitUpsideDown UIInterfaceOrientationLandscapeLeft UIInterfaceOrientationLandscapeRight";
				INFOPLIST_KEY_UISupportedInterfaceOrientations_iPhone = UIInterfaceOrientationPortrait;
				LD_RUNPATH_SEARCH_PATHS = (
					"$(inherited)",
					"@executable_path/Frameworks",
				);
				MARKETING_VERSION = 1.0;
				PRODUCT_BUNDLE_IDENTIFIER = "palas12--";
				PRODUCT_NAME = "$(TARGET_NAME)";
				SWIFT_EMIT_LOC_STRINGS = YES;
				SWIFT_VERSION = 5.0;
				TARGETED_DEVICE_FAMILY = "1,2";
			};
			name = Debug;
		};
		DE035EF82C87951000627F34 /* Release */ = {
			isa = XCBuildConfiguration;
			buildSettings = {
				ASSETCATALOG_COMPILER_APPICON_NAME = AppIcon;
				ASSETCATALOG_COMPILER_GLOBAL_ACCENT_COLOR_NAME = AccentColor;
				CODE_SIGN_STYLE = Automatic;
				CURRENT_PROJECT_VERSION = 1;
				DEVELOPMENT_ASSET_PATHS = "\"5palas12-iOS/Preview Content\"";
				DEVELOPMENT_TEAM = YYACA4789Q;
				ENABLE_PREVIEWS = YES;
				GENERATE_INFOPLIST_FILE = YES;
				INFOPLIST_FILE = "-palas12-iOS-Info.plist";
				INFOPLIST_KEY_LSApplicationCategoryType = "";
				INFOPLIST_KEY_NSFaceIDUsageDescription = "Face ID is required to securely show sensitive data";
				INFOPLIST_KEY_NSLocationWhenInUseUsageDescription = "Se necesita acceder a su ubicación para mostrar su posición en el mapa.";
				INFOPLIST_KEY_UIApplicationSceneManifest_Generation = YES;
				INFOPLIST_KEY_UIApplicationSupportsIndirectInputEvents = YES;
				INFOPLIST_KEY_UILaunchScreen_Generation = YES;
				INFOPLIST_KEY_UISupportedInterfaceOrientations_iPad = "UIInterfaceOrientationPortrait UIInterfaceOrientationPortraitUpsideDown UIInterfaceOrientationLandscapeLeft UIInterfaceOrientationLandscapeRight";
				INFOPLIST_KEY_UISupportedInterfaceOrientations_iPhone = UIInterfaceOrientationPortrait;
				LD_RUNPATH_SEARCH_PATHS = (
					"$(inherited)",
					"@executable_path/Frameworks",
				);
				MARKETING_VERSION = 1.0;
				PRODUCT_BUNDLE_IDENTIFIER = "palas12--";
				PRODUCT_NAME = "$(TARGET_NAME)";
				SWIFT_EMIT_LOC_STRINGS = YES;
				SWIFT_VERSION = 5.0;
				TARGETED_DEVICE_FAMILY = "1,2";
			};
			name = Release;
		};
		DE035EFA2C87951000627F34 /* Debug */ = {
			isa = XCBuildConfiguration;
			buildSettings = {
				BUNDLE_LOADER = "$(TEST_HOST)";
				CODE_SIGN_STYLE = Automatic;
				CURRENT_PROJECT_VERSION = 1;
				DEVELOPMENT_TEAM = YYACA4789Q;
				GENERATE_INFOPLIST_FILE = YES;
				IPHONEOS_DEPLOYMENT_TARGET = 17.5;
				MARKETING_VERSION = 1.0;
				PRODUCT_BUNDLE_IDENTIFIER = "--12.-palas12-iOSTests";
				PRODUCT_NAME = "$(TARGET_NAME)";
				SWIFT_EMIT_LOC_STRINGS = NO;
				SWIFT_VERSION = 5.0;
				TARGETED_DEVICE_FAMILY = "1,2";
				TEST_HOST = "$(BUILT_PRODUCTS_DIR)/5palas12-iOS.app/$(BUNDLE_EXECUTABLE_FOLDER_PATH)/5palas12-iOS";
			};
			name = Debug;
		};
		DE035EFB2C87951000627F34 /* Release */ = {
			isa = XCBuildConfiguration;
			buildSettings = {
				BUNDLE_LOADER = "$(TEST_HOST)";
				CODE_SIGN_STYLE = Automatic;
				CURRENT_PROJECT_VERSION = 1;
				DEVELOPMENT_TEAM = YYACA4789Q;
				GENERATE_INFOPLIST_FILE = YES;
				IPHONEOS_DEPLOYMENT_TARGET = 17.5;
				MARKETING_VERSION = 1.0;
				PRODUCT_BUNDLE_IDENTIFIER = "--12.-palas12-iOSTests";
				PRODUCT_NAME = "$(TARGET_NAME)";
				SWIFT_EMIT_LOC_STRINGS = NO;
				SWIFT_VERSION = 5.0;
				TARGETED_DEVICE_FAMILY = "1,2";
				TEST_HOST = "$(BUILT_PRODUCTS_DIR)/5palas12-iOS.app/$(BUNDLE_EXECUTABLE_FOLDER_PATH)/5palas12-iOS";
			};
			name = Release;
		};
		DE035EFD2C87951000627F34 /* Debug */ = {
			isa = XCBuildConfiguration;
			buildSettings = {
				CODE_SIGN_STYLE = Automatic;
				CURRENT_PROJECT_VERSION = 1;
				DEVELOPMENT_TEAM = 6U6UWM69SL;
				GENERATE_INFOPLIST_FILE = YES;
				MARKETING_VERSION = 1.0;
				PRODUCT_BUNDLE_IDENTIFIER = "--12.-palas12-iOSUITests";
				PRODUCT_NAME = "$(TARGET_NAME)";
				SWIFT_EMIT_LOC_STRINGS = NO;
				SWIFT_VERSION = 5.0;
				TARGETED_DEVICE_FAMILY = "1,2";
				TEST_TARGET_NAME = "5palas12-iOS";
			};
			name = Debug;
		};
		DE035EFE2C87951000627F34 /* Release */ = {
			isa = XCBuildConfiguration;
			buildSettings = {
				CODE_SIGN_STYLE = Automatic;
				CURRENT_PROJECT_VERSION = 1;
				DEVELOPMENT_TEAM = 6U6UWM69SL;
				GENERATE_INFOPLIST_FILE = YES;
				MARKETING_VERSION = 1.0;
				PRODUCT_BUNDLE_IDENTIFIER = "--12.-palas12-iOSUITests";
				PRODUCT_NAME = "$(TARGET_NAME)";
				SWIFT_EMIT_LOC_STRINGS = NO;
				SWIFT_VERSION = 5.0;
				TARGETED_DEVICE_FAMILY = "1,2";
				TEST_TARGET_NAME = "5palas12-iOS";
			};
			name = Release;
		};
/* End XCBuildConfiguration section */

/* Begin XCConfigurationList section */
		DE035ECD2C87950E00627F34 /* Build configuration list for PBXProject "5palas12-iOS" */ = {
			isa = XCConfigurationList;
			buildConfigurations = (
				DE035EF42C87951000627F34 /* Debug */,
				DE035EF52C87951000627F34 /* Release */,
			);
			defaultConfigurationIsVisible = 0;
			defaultConfigurationName = Release;
		};
		DE035EF62C87951000627F34 /* Build configuration list for PBXNativeTarget "5palas12-iOS" */ = {
			isa = XCConfigurationList;
			buildConfigurations = (
				DE035EF72C87951000627F34 /* Debug */,
				DE035EF82C87951000627F34 /* Release */,
			);
			defaultConfigurationIsVisible = 0;
			defaultConfigurationName = Release;
		};
		DE035EF92C87951000627F34 /* Build configuration list for PBXNativeTarget "5palas12-iOSTests" */ = {
			isa = XCConfigurationList;
			buildConfigurations = (
				DE035EFA2C87951000627F34 /* Debug */,
				DE035EFB2C87951000627F34 /* Release */,
			);
			defaultConfigurationIsVisible = 0;
			defaultConfigurationName = Release;
		};
		DE035EFC2C87951000627F34 /* Build configuration list for PBXNativeTarget "5palas12-iOSUITests" */ = {
			isa = XCConfigurationList;
			buildConfigurations = (
				DE035EFD2C87951000627F34 /* Debug */,
				DE035EFE2C87951000627F34 /* Release */,
			);
			defaultConfigurationIsVisible = 0;
			defaultConfigurationName = Release;
		};
/* End XCConfigurationList section */

/* Begin XCRemoteSwiftPackageReference section */
		DED92B1A2CAB329F000ED341 /* XCRemoteSwiftPackageReference "firebase-ios-sdk" */ = {
			isa = XCRemoteSwiftPackageReference;
			repositoryURL = "https://github.com/firebase/firebase-ios-sdk";
			requirement = {
				kind = upToNextMajorVersion;
				minimumVersion = 11.3.0;
			};
		};
/* End XCRemoteSwiftPackageReference section */

/* Begin XCSwiftPackageProductDependency section */
		9D0177892CD99DFA0072EB70 /* FirebaseStorage */ = {
			isa = XCSwiftPackageProductDependency;
			package = DED92B1A2CAB329F000ED341 /* XCRemoteSwiftPackageReference "firebase-ios-sdk" */;
			productName = FirebaseStorage;
		};
		9D51D2ED2CBC6615005B7827 /* FirebaseCore */ = {
			isa = XCSwiftPackageProductDependency;
			productName = FirebaseCore;
		};
		9D51D2EF2CBC6615005B7827 /* FirebaseFirestore */ = {
			isa = XCSwiftPackageProductDependency;
			productName = FirebaseFirestore;
		};
		DE294FF02CAB3BE70045044A /* FirebaseAuth */ = {
			isa = XCSwiftPackageProductDependency;
			package = DED92B1A2CAB329F000ED341 /* XCRemoteSwiftPackageReference "firebase-ios-sdk" */;
			productName = FirebaseAuth;
		};
		DED92B1B2CAB329F000ED341 /* FirebaseAnalytics */ = {
			isa = XCSwiftPackageProductDependency;
			package = DED92B1A2CAB329F000ED341 /* XCRemoteSwiftPackageReference "firebase-ios-sdk" */;
			productName = FirebaseAnalytics;
		};
/* End XCSwiftPackageProductDependency section */
	};
	rootObject = DE035ECA2C87950E00627F34 /* Project object */;
}
